{
  "name": "angularjs-sample-app",
  "version": "0.0.1",
  "lockfileVersion": 1,
  "requires": true,
  "dependencies": {
    "@uirouter/angularjs": {
      "version": "1.0.15",
      "resolved": "https://registry.npmjs.org/@uirouter/angularjs/-/angularjs-1.0.15.tgz",
      "integrity": "sha512-qV+fz+OV5WRNNCXfeVO7nEcSSNESXOxLC0lXM9sv+IwTW6gyiynZ2wHP7fP2ETbr20sPxtbFC+kMVLzyiw/yIg==",
      "requires": {
        "@uirouter/core": "5.0.17"
      },
      "dependencies": {
        "@uirouter/core": {
          "version": "5.0.17",
          "resolved": "https://registry.npmjs.org/@uirouter/core/-/core-5.0.17.tgz",
          "integrity": "sha512-aJOSpaRbctGw24Mh74sonLwCyskl7KzFz7M0jRDqrd+eHZK6s/xxi4ZSNuGHRy6kF4x7195buQSJEo7u82t+rA=="
        }
      }
    },
    "angular": {
      "version": "1.6.10",
      "resolved": "https://registry.npmjs.org/angular/-/angular-1.6.10.tgz",
      "integrity": "sha512-PCZ5/hVdvPQiYyH0VwsPjrErPHRcITnaXxhksceOXgtJeesKHLA7KDu4X/yvcAi+1zdGgGF+9pDxkJvghXI9Wg=="
    },
    "angular-animate": {
      "version": "1.6.10",
      "resolved": "https://registry.npmjs.org/angular-animate/-/angular-animate-1.6.10.tgz",
      "integrity": "sha512-RU9ZJbTspq0W0x675H5k1DeSgKbAFfp2aiYoNGdlD+wQNKvwwMR5ho+EkDKkx9zE02a5goe8Z6EhhYPQSff9dA=="
    },
    "angular-aria": {
      "version": "1.6.10",
      "resolved": "https://registry.npmjs.org/angular-aria/-/angular-aria-1.6.10.tgz",
      "integrity": "sha512-QO+jSbsnGxLhULD8syFvfH0sQVCKCwDPDCd130ou11HYw4D8vAaU/NG6ufcmnh9XJHTcngAaBe3VVfZefMkiBA=="
    },
    "angular-bootstrap": {
      "version": "0.12.2",
      "resolved": "https://registry.npmjs.org/angular-bootstrap/-/angular-bootstrap-0.12.2.tgz",
      "integrity": "sha1-3pkAp9sIen6dpHMEqcL3f5wGmCc="
    },
    "angular-material": {
      "version": "1.1.8",
      "resolved": "https://registry.npmjs.org/angular-material/-/angular-material-1.1.8.tgz",
      "integrity": "sha512-VNRKB3G65zb1ZNWThb5wyKCuYvjwW9O8O3RZQ4cnDXHxa6YdjnZvkEQnpsiuIvQyqP18itmM+NJZPOPGXxAIaQ=="
    },
    "angular-messages": {
      "version": "1.6.10",
      "resolved": "https://registry.npmjs.org/angular-messages/-/angular-messages-1.6.10.tgz",
      "integrity": "sha512-FpILIYqeBj2fP5U5txnO/cneeKZxdF+WqpBo7tgHXl2BmOVVWKUCEjMmByouYxwn9PFLeipBPjaaDs2/eB/m5A=="
    }
  }
}
